<?xml version="1.0" encoding="utf-8"?>
<Project ToolsVersion="4.0" xmlns="http://schemas.microsoft.com/developer/msbuild/2003">
  <ItemGroup>
    <Filter Include="Source Files">
      <UniqueIdentifier>{4FC737F1-C7A5-4376-A066-2A32D752A2FF}</UniqueIdentifier>
      <Extensions>cpp;c;cc;cxx;def;odl;idl;hpj;bat;asm;asmx</Extensions>
    </Filter>
    <Filter Include="Datasets">
      <UniqueIdentifier>{71bb6de8-bf5c-4141-a538-e1d55e596dd1}</UniqueIdentifier>
    </Filter>
    <Filter Include="Utils">
      <UniqueIdentifier>{faf1b1fb-9958-4c4f-a355-9af30be2c5a2}</UniqueIdentifier>
    </Filter>
    <Filter Include="MachineLearning">
      <UniqueIdentifier>{18e080c1-b15f-41ab-917c-16266c78ab6d}</UniqueIdentifier>
    </Filter>
    <Filter Include="MachineLearning\LinearRegression">
      <UniqueIdentifier>{1d3c1bf7-ddd9-4950-ad00-4d1151e1efef}</UniqueIdentifier>
    </Filter>
  </ItemGroup>
  <ItemGroup>
    <ClCompile Include="main.cpp">
      <Filter>Source Files</Filter>
    </ClCompile>
    <ClCompile Include="mlfreader.cpp">
      <Filter>Utils</Filter>
    </ClCompile>
    <ClCompile Include="mlfdataset.cpp">
      <Filter>MachineLearning</Filter>
    </ClCompile>
    <ClCompile Include="mlflinear.cpp">
      <Filter>MachineLearning\LinearRegression</Filter>
    </ClCompile>
  </ItemGroup>
  <ItemGroup>
    <Text Include="..\Datasets\iris.txt">
      <Filter>Datasets</Filter>
    </Text>
  </ItemGroup>
  <ItemGroup>
    <ClInclude Include="mlfreader.h">
      <Filter>Utils</Filter>
    </ClInclude>
    <ClInclude Include="mlfdataset.h">
      <Filter>MachineLearning</Filter>
    </ClInclude>
    <ClInclude Include="mlflinear.h">
      <Filter>MachineLearning\LinearRegression</Filter>
    </ClInclude>
    <ClInclude Include="mlfmath.h">
      <Filter>Utils</Filter>
    </ClInclude>
  </ItemGroup>
</Project>